
Microsoft Visual Studio Solution File, Format Version 12.00
# Visual Studio Version 17
VisualStudioVersion = 17.6.33815.320
MinimumVisualStudioVersion = 10.0.40219.1
Project("{FAE04EC0-301F-11D3-BF4B-00C04F79EFBC}") = "TodoListWebApi", "TodoListWebApi\TodoListWebApi.csproj", "{8C13EC2D-F8DC-4B03-B872-3EF47A4BF3D7}"
EndProject
Global
	GlobalSection(SolutionConfigurationPlatforms) = preSolution
		Debug|Any CPU = Debug|Any CPU
		Release|Any CPU = Release|Any CPU
	EndGlobalSection
	GlobalSection(ProjectConfigurationPlatforms) = postSolution
		{8C13EC2D-F8DC-4B03-B872-3EF47A4BF3D7}.Debug|Any CPU.ActiveCfg = Debug|Any CPU
		{8C13EC2D-F8DC-4B03-B872-3EF47A4BF3D7}.Debug|Any CPU.Build.0 = Debug|Any CPU
		{8C13EC2D-F8DC-4B03-B872-3EF47A4BF3D7}.Release|Any CPU.ActiveCfg = Release|Any CPU
		{8C13EC2D-F8DC-4B03-B872-3EF47A4BF3D7}.Release|Any CPU.Build.0 = Release|Any CPU
	EndGlobalSection
	GlobalSection(SolutionProperties) = preSolution
		HideSolutionNode = FALSE
	EndGlobalSection
	GlobalSection(ExtensibilityGlobals) = postSolution
		SolutionGuid = {668D45F5-A049-4403-A6BE-C7A014FDDB44}
	EndGlobalSection
EndGlobal
